{
  "requires": true,
  "lockfileVersion": 1,
  "dependencies": {
    "@types/unist": {
      "version": "2.0.3",
      "resolved": "https://registry.npmjs.org/@types/unist/-/unist-2.0.3.tgz",
      "integrity": "sha512-FvUupuM3rlRsRtCN+fDudtmytGO6iHJuuRKS1Ss0pG5z8oX0diNEw94UEL7hgDbpN94rgaK5R7sWm6RrSkZuAQ=="
    },
    "array-iterate": {
      "version": "1.1.4",
      "resolved": "https://registry.npmjs.org/array-iterate/-/array-iterate-1.1.4.tgz",
      "integrity": "sha512-sNRaPGh9nnmdC8Zf+pT3UqP8rnWj5Hf9wiFGsX3wUQ2yVSIhO2ShFwCoceIPpB41QF6i2OEmrHmCo36xronCVA=="
    },
    "bail": {
      "version": "1.0.5",
      "resolved": "https://registry.npmjs.org/bail/-/bail-1.0.5.tgz",
      "integrity": "sha512-xFbRxM1tahm08yHBP16MMjVUAvDaBMD38zsM9EMAUN61omwLmKlOpB/Zku5QkjZ8TZ4vn53pj+t518cH0S03RQ=="
    },
    "extend": {
      "version": "3.0.2",
      "resolved": "https://registry.npmjs.org/extend/-/extend-3.0.2.tgz",
      "integrity": "sha512-fjquC59cD7CyW6urNXK0FBufkZcoiGG80wTuPujX590cB5Ttln20E2UB4S/WARVqhXffZl2LNgS+gQdPIIim/g=="
    },
    "inherits": {
      "version": "2.0.4",
      "resolved": "https://registry.npmjs.org/inherits/-/inherits-2.0.4.tgz",
      "integrity": "sha512-k/vGaX4/Yla3WzyMCvTQOXYeIHvqOKtnqBduzTHpzpQZzAskKMhZ2K+EnBiSM9zGSoIFeMpXKxa4dYeZIQqewQ=="
    },
    "is-buffer": {
      "version": "2.0.4",
      "resolved": "https://registry.npmjs.org/is-buffer/-/is-buffer-2.0.4.tgz",
      "integrity": "sha512-Kq1rokWXOPXWuaMAqZiJW4XxsmD9zGx9q4aePabbn3qCRGedtH7Cm+zV8WETitMfu1wdh+Rvd6w5egwSngUX2A=="
    },
    "is-plain-obj": {
      "version": "2.1.0",
      "resolved": "https://registry.npmjs.org/is-plain-obj/-/is-plain-obj-2.1.0.tgz",
      "integrity": "sha512-YWnfyRwxL/+SsrWYfOpUtz5b3YD+nyfkHvjbcanzk8zgyO4ASD67uVMRt8k5bM4lLMDnXfriRhOpemw+NfT1eA=="
    },
    "nlcst-to-string": {
      "version": "2.0.4",
      "resolved": "https://registry.npmjs.org/nlcst-to-string/-/nlcst-to-string-2.0.4.tgz",
      "integrity": "sha512-3x3jwTd6UPG7vi5k4GEzvxJ5rDA7hVUIRNHPblKuMVP9Z3xmlsd9cgLcpAMkc5uPOBna82EeshROFhsPkbnTZg=="
    },
    "parse-latin": {
      "version": "4.2.1",
      "resolved": "https://registry.npmjs.org/parse-latin/-/parse-latin-4.2.1.tgz",
      "integrity": "sha512-7T9g6mIsFFpLlo0Zzb2jLWdCt+H9Qtf/hRmMYFi/Mq6Ovi+YKo+AyDFX3OhFfu0vXX5Nid9FKJGKSSzNcTkWiA==",
      "requires": {
        "nlcst-to-string": "^2.0.0",
        "unist-util-modify-children": "^1.0.0",
        "unist-util-visit-children": "^1.0.0"
      }
    },
    "pos": {
      "version": "0.4.2",
      "resolved": "https://registry.npmjs.org/pos/-/pos-0.4.2.tgz",
      "integrity": "sha1-IOnHf77tzDVoI86mPHWFys6Tvio="
    },
    "replace-ext": {
      "version": "1.0.0",
      "resolved": "https://registry.npmjs.org/replace-ext/-/replace-ext-1.0.0.tgz",
      "integrity": "sha1-3mMSg3P8v3w8z6TeWkgMRaZ5WOs="
    },
    "retext": {
      "version": "7.0.1",
      "resolved": "https://registry.npmjs.org/retext/-/retext-7.0.1.tgz",
      "integrity": "sha512-N0IaEDkvUjqyfn3/gwxVfI51IxfGzOiVXqPLWnKeCDbiQdxSg0zebzHPxXWnL7TeplAJ+RE4uqrXyYN//s9HjQ==",
      "requires": {
        "retext-latin": "^2.0.0",
        "retext-stringify": "^2.0.0",
        "unified": "^8.0.0"
      }
    },
    "retext-keywords": {
      "version": "6.0.0",
      "resolved": "https://registry.npmjs.org/retext-keywords/-/retext-keywords-6.0.0.tgz",
      "integrity": "sha512-jDdindZTevx7uvDPcLG86qsfr6++szKXgGtQ5PjkkCxpEPpnyBeGovlTR7BCfyRatEoLX66iiTmpsY/hhAjbzA==",
      "requires": {
        "nlcst-to-string": "^2.0.0",
        "stemmer": "^1.0.0",
        "unist-util-visit": "^2.0.0"
      }
    },
    "retext-latin": {
      "version": "2.0.4",
      "resolved": "https://registry.npmjs.org/retext-latin/-/retext-latin-2.0.4.tgz",
      "integrity": "sha512-fOoSSoQgDZ+l/uS81oxI3alBghDUPja0JEl0TpQxI6MN+dhM6fLFumPJwMZ4PJTyL5FFAgjlsdv8IX+6IRuwMw==",
      "requires": {
        "parse-latin": "^4.0.0",
        "unherit": "^1.0.4"
      }
    },
    "retext-pos": {
      "version": "3.0.0",
      "resolved": "https://registry.npmjs.org/retext-pos/-/retext-pos-3.0.0.tgz",
      "integrity": "sha512-OQ6WtYodx7ONuPBbX3cOC8+U9DzJEF365NbBy0LSuf28b3Nf6AK+lSnF7S23zhYrpbh1DVU0rdMTRh0ggYXnEg==",
      "requires": {
        "nlcst-to-string": "^2.0.0",
        "pos": "^0.4.2",
        "unist-util-visit": "^2.0.0"
      }
    },
    "retext-stringify": {
      "version": "2.0.4",
      "resolved": "https://registry.npmjs.org/retext-stringify/-/retext-stringify-2.0.4.tgz",
      "integrity": "sha512-xOtx5mFJBoT3j7PBtiY2I+mEGERNniofWktI1cKXvjMEJPOuqve0dghLHO1+gz/gScLn4zqspDGv4kk2wS5kSA==",
      "requires": {
        "nlcst-to-string": "^2.0.0"
      }
    },
    "stemmer": {
      "version": "1.0.5",
      "resolved": "https://registry.npmjs.org/stemmer/-/stemmer-1.0.5.tgz",
      "integrity": "sha512-SLq7annzSKRDStasOJJoftCSCzBCKmBmH38jC4fDtCunAqOzpTpIm9zmaHmwNJiZ8gLe9qpVdBVbEG2DC5dE2A=="
    },
    "to-vfile": {
      "version": "6.1.0",
      "resolved": "https://registry.npmjs.org/to-vfile/-/to-vfile-6.1.0.tgz",
      "integrity": "sha512-BxX8EkCxOAZe+D/ToHdDsJcVI4HqQfmw0tCkp31zf3dNP/XWIAjU4CmeuSwsSoOzOTqHPOL0KUzyZqJplkD0Qw==",
      "requires": {
        "is-buffer": "^2.0.0",
        "vfile": "^4.0.0"
      }
    },
    "trough": {
      "version": "1.0.5",
      "resolved": "https://registry.npmjs.org/trough/-/trough-1.0.5.tgz",
      "integrity": "sha512-rvuRbTarPXmMb79SmzEp8aqXNKcK+y0XaB298IXueQ8I2PsrATcPBCSPyK/dDNa2iWOhKlfNnOjdAOTBU/nkFA=="
    },
    "unherit": {
      "version": "1.1.3",
      "resolved": "https://registry.npmjs.org/unherit/-/unherit-1.1.3.tgz",
      "integrity": "sha512-Ft16BJcnapDKp0+J/rqFC3Rrk6Y/Ng4nzsC028k2jdDII/rdZ7Wd3pPT/6+vIIxRagwRc9K0IUX0Ra4fKvw+WQ==",
      "requires": {
        "inherits": "^2.0.0",
        "xtend": "^4.0.0"
      }
    },
    "unified": {
      "version": "8.4.2",
      "resolved": "https://registry.npmjs.org/unified/-/unified-8.4.2.tgz",
      "integrity": "sha512-JCrmN13jI4+h9UAyKEoGcDZV+i1E7BLFuG7OsaDvTXI5P0qhHX+vZO/kOhz9jn8HGENDKbwSeB0nVOg4gVStGA==",
      "requires": {
        "bail": "^1.0.0",
        "extend": "^3.0.0",
        "is-plain-obj": "^2.0.0",
        "trough": "^1.0.0",
        "vfile": "^4.0.0"
      }
    },
    "unist-util-is": {
      "version": "4.0.2",
      "resolved": "https://registry.npmjs.org/unist-util-is/-/unist-util-is-4.0.2.tgz",
      "integrity": "sha512-Ofx8uf6haexJwI1gxWMGg6I/dLnF2yE+KibhD3/diOqY2TinLcqHXCV6OI5gFVn3xQqDH+u0M625pfKwIwgBKQ=="
    },
    "unist-util-modify-children": {
      "version": "1.1.6",
      "resolved": "https://registry.npmjs.org/unist-util-modify-children/-/unist-util-modify-children-1.1.6.tgz",
      "integrity": "sha512-TOA6W9QLil+BrHqIZNR4o6IA5QwGOveMbnQxnWYq+7EFORx9vz/CHrtzF36zWrW61E2UKw7sM1KPtIgeceVwXw==",
      "requires": {
        "array-iterate": "^1.0.0"
      }
    },
    "unist-util-stringify-position": {
      "version": "2.0.3",
      "resolved": "https://registry.npmjs.org/unist-util-stringify-position/-/unist-util-stringify-position-2.0.3.tgz",
      "integrity": "sha512-3faScn5I+hy9VleOq/qNbAd6pAx7iH5jYBMS9I1HgQVijz/4mv5Bvw5iw1sC/90CODiKo81G/ps8AJrISn687g==",
      "requires": {
        "@types/unist": "^2.0.2"
      }
    },
    "unist-util-visit": {
      "version": "2.0.2",
      "resolved": "https://registry.npmjs.org/unist-util-visit/-/unist-util-visit-2.0.2.tgz",
      "integrity": "sha512-HoHNhGnKj6y+Sq+7ASo2zpVdfdRifhTgX2KTU3B/sO/TTlZchp7E3S4vjRzDJ7L60KmrCPsQkVK3lEF3cz36XQ==",
      "requires": {
        "@types/unist": "^2.0.0",
        "unist-util-is": "^4.0.0",
        "unist-util-visit-parents": "^3.0.0"
      }
    },
    "unist-util-visit-children": {
      "version": "1.1.4",
      "resolved": "https://registry.npmjs.org/unist-util-visit-children/-/unist-util-visit-children-1.1.4.tgz",
      "integrity": "sha512-sA/nXwYRCQVRwZU2/tQWUqJ9JSFM1X3x7JIOsIgSzrFHcfVt6NkzDtKzyxg2cZWkCwGF9CO8x4QNZRJRMK8FeQ=="
    },
    "unist-util-visit-parents": {
      "version": "3.0.2",
      "resolved": "https://registry.npmjs.org/unist-util-visit-parents/-/unist-util-visit-parents-3.0.2.tgz",
      "integrity": "sha512-yJEfuZtzFpQmg1OSCyS9M5NJRrln/9FbYosH3iW0MG402QbdbaB8ZESwUv9RO6nRfLAKvWcMxCwdLWOov36x/g==",
      "requires": {
        "@types/unist": "^2.0.0",
        "unist-util-is": "^4.0.0"
      }
    },
    "vfile": {
      "version": "4.1.0",
      "resolved": "https://registry.npmjs.org/vfile/-/vfile-4.1.0.tgz",
      "integrity": "sha512-BaTPalregj++64xbGK6uIlsurN3BCRNM/P2Pg8HezlGzKd1O9PrwIac6bd9Pdx2uTb0QHoioZ+rXKolbVXEgJg==",
      "requires": {
        "@types/unist": "^2.0.0",
        "is-buffer": "^2.0.0",
        "replace-ext": "1.0.0",
        "unist-util-stringify-position": "^2.0.0",
        "vfile-message": "^2.0.0"
      }
    },
    "vfile-message": {
      "version": "2.0.4",
      "resolved": "https://registry.npmjs.org/vfile-message/-/vfile-message-2.0.4.tgz",
      "integrity": "sha512-DjssxRGkMvifUOJre00juHoP9DPWuzjxKuMDrhNbk2TdaYYBNMStsNhEOt3idrtI12VQYM/1+iM0KOzXi4pxwQ==",
      "requires": {
        "@types/unist": "^2.0.0",
        "unist-util-stringify-position": "^2.0.0"
      }
    },
    "xtend": {
      "version": "4.0.2",
      "resolved": "https://registry.npmjs.org/xtend/-/xtend-4.0.2.tgz",
      "integrity": "sha512-LKYU1iAXJXUgAXn9URjiu+MWhyUXHsvfp7mcuYm9dSUKK0/CjtrUwFAxD82/mCWbtLsGjFIad0wIsod4zrTAEQ=="
    }
  }
}
